
Microsoft Visual Studio Solution File, Format Version 12.00
# Visual Studio 15
VisualStudioVersion = 15.0.28307.168
MinimumVisualStudioVersion = 10.0.40219.1
Project("{9A19103F-16F7-4668-BE54-9A1E7A4F7556}") = "UnmanagedTest", "UnmanagedTest\UnmanagedTest.csproj", "{6CC102E6-D394-4AB8-92C4-36E28295F307}"
	ProjectSection(ProjectDependencies) = postProject
		{66DABA62-8B9F-429C-8379-D20C7F7F52B1} = {66DABA62-8B9F-429C-8379-D20C7F7F52B1}
	EndProjectSection
EndProject
Project("{8BC9CEB8-8B4A-11D0-8D11-00A0C91BC942}") = "UnmanagedDll", "UnmanagedDll\UnmanagedDll.vcxproj", "{66DABA62-8B9F-429C-8379-D20C7F7F52B1}"
EndProject
Project("{9A19103F-16F7-4668-BE54-9A1E7A4F7556}") = "Unmanaged", "..\Unmanaged\Unmanaged.csproj", "{978FE002-2DB6-4BBD-8FB7-11737BC65B75}"
EndProject
Global
	GlobalSection(SolutionConfigurationPlatforms) = preSolution
		Debug|Any CPU = Debug|Any CPU
		Debug|x64 = Debug|x64
		Debug|x86 = Debug|x86
		Release|Any CPU = Release|Any CPU
		Release|x64 = Release|x64
		Release|x86 = Release|x86
	EndGlobalSection
	GlobalSection(ProjectConfigurationPlatforms) = postSolution
		{6CC102E6-D394-4AB8-92C4-36E28295F307}.Debug|Any CPU.ActiveCfg = Debug|Any CPU
		{6CC102E6-D394-4AB8-92C4-36E28295F307}.Debug|Any CPU.Build.0 = Debug|Any CPU
		{6CC102E6-D394-4AB8-92C4-36E28295F307}.Debug|x64.ActiveCfg = Debug|Any CPU
		{6CC102E6-D394-4AB8-92C4-36E28295F307}.Debug|x64.Build.0 = Debug|Any CPU
		{6CC102E6-D394-4AB8-92C4-36E28295F307}.Debug|x86.ActiveCfg = Debug|Any CPU
		{6CC102E6-D394-4AB8-92C4-36E28295F307}.Debug|x86.Build.0 = Debug|Any CPU
		{6CC102E6-D394-4AB8-92C4-36E28295F307}.Release|Any CPU.ActiveCfg = Release|Any CPU
		{6CC102E6-D394-4AB8-92C4-36E28295F307}.Release|Any CPU.Build.0 = Release|Any CPU
		{6CC102E6-D394-4AB8-92C4-36E28295F307}.Release|x64.ActiveCfg = Release|Any CPU
		{6CC102E6-D394-4AB8-92C4-36E28295F307}.Release|x64.Build.0 = Release|Any CPU
		{6CC102E6-D394-4AB8-92C4-36E28295F307}.Release|x86.ActiveCfg = Release|Any CPU
		{6CC102E6-D394-4AB8-92C4-36E28295F307}.Release|x86.Build.0 = Release|Any CPU
		{66DABA62-8B9F-429C-8379-D20C7F7F52B1}.Debug|Any CPU.ActiveCfg = Debug|x64
		{66DABA62-8B9F-429C-8379-D20C7F7F52B1}.Debug|Any CPU.Build.0 = Debug|x64
		{66DABA62-8B9F-429C-8379-D20C7F7F52B1}.Debug|x64.ActiveCfg = Debug|x64
		{66DABA62-8B9F-429C-8379-D20C7F7F52B1}.Debug|x64.Build.0 = Debug|x64
		{66DABA62-8B9F-429C-8379-D20C7F7F52B1}.Debug|x86.ActiveCfg = Debug|Win32
		{66DABA62-8B9F-429C-8379-D20C7F7F52B1}.Debug|x86.Build.0 = Debug|Win32
		{66DABA62-8B9F-429C-8379-D20C7F7F52B1}.Release|Any CPU.ActiveCfg = Release|Win32
		{66DABA62-8B9F-429C-8379-D20C7F7F52B1}.Release|x64.ActiveCfg = Release|x64
		{66DABA62-8B9F-429C-8379-D20C7F7F52B1}.Release|x64.Build.0 = Release|x64
		{66DABA62-8B9F-429C-8379-D20C7F7F52B1}.Release|x86.ActiveCfg = Release|Win32
		{66DABA62-8B9F-429C-8379-D20C7F7F52B1}.Release|x86.Build.0 = Release|Win32
		{978FE002-2DB6-4BBD-8FB7-11737BC65B75}.Debug|Any CPU.ActiveCfg = Debug|Any CPU
		{978FE002-2DB6-4BBD-8FB7-11737BC65B75}.Debug|Any CPU.Build.0 = Debug|Any CPU
		{978FE002-2DB6-4BBD-8FB7-11737BC65B75}.Debug|x64.ActiveCfg = Debug|Any CPU
		{978FE002-2DB6-4BBD-8FB7-11737BC65B75}.Debug|x64.Build.0 = Debug|Any CPU
		{978FE002-2DB6-4BBD-8FB7-11737BC65B75}.Debug|x86.ActiveCfg = Debug|Any CPU
		{978FE002-2DB6-4BBD-8FB7-11737BC65B75}.Debug|x86.Build.0 = Debug|Any CPU
		{978FE002-2DB6-4BBD-8FB7-11737BC65B75}.Release|Any CPU.ActiveCfg = Release|Any CPU
		{978FE002-2DB6-4BBD-8FB7-11737BC65B75}.Release|Any CPU.Build.0 = Release|Any CPU
		{978FE002-2DB6-4BBD-8FB7-11737BC65B75}.Release|x64.ActiveCfg = Release|Any CPU
		{978FE002-2DB6-4BBD-8FB7-11737BC65B75}.Release|x64.Build.0 = Release|Any CPU
		{978FE002-2DB6-4BBD-8FB7-11737BC65B75}.Release|x86.ActiveCfg = Release|Any CPU
		{978FE002-2DB6-4BBD-8FB7-11737BC65B75}.Release|x86.Build.0 = Release|Any CPU
	EndGlobalSection
	GlobalSection(SolutionProperties) = preSolution
		HideSolutionNode = FALSE
	EndGlobalSection
	GlobalSection(ExtensibilityGlobals) = postSolution
		SolutionGuid = {744B04E7-793E-4C28-957A-40FCF4CB5932}
	EndGlobalSection
EndGlobal
